
Microsoft Visual Studio Solution File, Format Version 12.00
# Visual Studio 2012
Project("{FAE04EC0-301F-11D3-BF4B-00C04F79EFBC}") = "ValueInjecter", "ValueInjecter\ValueInjecter.csproj", "{3C3ED7E4-062D-4C4F-A0E1-8F1A1EFCE1B6}"
EndProject
Project("{FAE04EC0-301F-11D3-BF4B-00C04F79EFBC}") = "Tests", "Tests\Tests.csproj", "{6848BDA4-DF0F-4724-9234-CA7D05C92BFB}"
EndProject
Project("{FAE04EC0-301F-11D3-BF4B-00C04F79EFBC}") = "WebFormsSample", "Samples\WebFormsSample\WebFormsSample.csproj", "{75FD6927-C714-4190-9A1E-20FF34903D6C}"
EndProject
Project("{FAE04EC0-301F-11D3-BF4B-00C04F79EFBC}") = "WinFormsSample", "Samples\WinFormsSample\WinFormsSample.csproj", "{DAA29A1B-329D-4995-B146-5F4817F855CD}"
EndProject
Project("{FAE04EC0-301F-11D3-BF4B-00C04F79EFBC}") = "WinFormsFlattenSample", "Samples\WinFormsFlattenSample\WinFormsFlattenSample.csproj", "{60A27319-3C41-44ED-B0A4-DDFA71107B8D}"
EndProject
Project("{FAE04EC0-301F-11D3-BF4B-00C04F79EFBC}") = "WpfSample", "Samples\WpfSample\WpfSample.csproj", "{EEC493AD-5D1E-43EF-8C88-93F027F946D9}"
EndProject
Project("{FAE04EC0-301F-11D3-BF4B-00C04F79EFBC}") = "DALSample", "Samples\DALSample\DALSample.csproj", "{BB4BEB3C-6AA5-4C87-9ACE-9B7C4031B11B}"
EndProject
Project("{2150E333-8FDC-42A3-9474-1A3956D46DE8}") = "Samples", "Samples", "{15FD75C2-AC8E-4B77-BA13-E9D161BCF618}"
EndProject
Global
	GlobalSection(SolutionConfigurationPlatforms) = preSolution
		Debug|Any CPU = Debug|Any CPU
		Debug|ARM = Debug|ARM
		Debug|x64 = Debug|x64
		Debug|x86 = Debug|x86
		Release|Any CPU = Release|Any CPU
		Release|ARM = Release|ARM
		Release|x64 = Release|x64
		Release|x86 = Release|x86
	EndGlobalSection
	GlobalSection(ProjectConfigurationPlatforms) = postSolution
		{3C3ED7E4-062D-4C4F-A0E1-8F1A1EFCE1B6}.Debug|Any CPU.ActiveCfg = Debug|Any CPU
		{3C3ED7E4-062D-4C4F-A0E1-8F1A1EFCE1B6}.Debug|Any CPU.Build.0 = Debug|Any CPU
		{3C3ED7E4-062D-4C4F-A0E1-8F1A1EFCE1B6}.Debug|ARM.ActiveCfg = Debug|Any CPU
		{3C3ED7E4-062D-4C4F-A0E1-8F1A1EFCE1B6}.Debug|ARM.Build.0 = Debug|Any CPU
		{3C3ED7E4-062D-4C4F-A0E1-8F1A1EFCE1B6}.Debug|x64.ActiveCfg = Debug|Any CPU
		{3C3ED7E4-062D-4C4F-A0E1-8F1A1EFCE1B6}.Debug|x64.Build.0 = Debug|Any CPU
		{3C3ED7E4-062D-4C4F-A0E1-8F1A1EFCE1B6}.Debug|x86.ActiveCfg = Debug|Any CPU
		{3C3ED7E4-062D-4C4F-A0E1-8F1A1EFCE1B6}.Debug|x86.Build.0 = Debug|Any CPU
		{3C3ED7E4-062D-4C4F-A0E1-8F1A1EFCE1B6}.Release|Any CPU.ActiveCfg = Release|Any CPU
		{3C3ED7E4-062D-4C4F-A0E1-8F1A1EFCE1B6}.Release|Any CPU.Build.0 = Release|Any CPU
		{3C3ED7E4-062D-4C4F-A0E1-8F1A1EFCE1B6}.Release|ARM.ActiveCfg = Release|Any CPU
		{3C3ED7E4-062D-4C4F-A0E1-8F1A1EFCE1B6}.Release|ARM.Build.0 = Release|Any CPU
		{3C3ED7E4-062D-4C4F-A0E1-8F1A1EFCE1B6}.Release|x64.ActiveCfg = Release|Any CPU
		{3C3ED7E4-062D-4C4F-A0E1-8F1A1EFCE1B6}.Release|x64.Build.0 = Release|Any CPU
		{3C3ED7E4-062D-4C4F-A0E1-8F1A1EFCE1B6}.Release|x86.ActiveCfg = Release|Any CPU
		{3C3ED7E4-062D-4C4F-A0E1-8F1A1EFCE1B6}.Release|x86.Build.0 = Release|Any CPU
		{6848BDA4-DF0F-4724-9234-CA7D05C92BFB}.Debug|Any CPU.ActiveCfg = Debug|Any CPU
		{6848BDA4-DF0F-4724-9234-CA7D05C92BFB}.Debug|Any CPU.Build.0 = Debug|Any CPU
		{6848BDA4-DF0F-4724-9234-CA7D05C92BFB}.Debug|ARM.ActiveCfg = Debug|Any CPU
		{6848BDA4-DF0F-4724-9234-CA7D05C92BFB}.Debug|ARM.Build.0 = Debug|Any CPU
		{6848BDA4-DF0F-4724-9234-CA7D05C92BFB}.Debug|x64.ActiveCfg = Debug|Any CPU
		{6848BDA4-DF0F-4724-9234-CA7D05C92BFB}.Debug|x64.Build.0 = Debug|Any CPU
		{6848BDA4-DF0F-4724-9234-CA7D05C92BFB}.Debug|x86.ActiveCfg = Debug|Any CPU
		{6848BDA4-DF0F-4724-9234-CA7D05C92BFB}.Debug|x86.Build.0 = Debug|Any CPU
		{6848BDA4-DF0F-4724-9234-CA7D05C92BFB}.Release|Any CPU.ActiveCfg = Release|Any CPU
		{6848BDA4-DF0F-4724-9234-CA7D05C92BFB}.Release|Any CPU.Build.0 = Release|Any CPU
		{6848BDA4-DF0F-4724-9234-CA7D05C92BFB}.Release|ARM.ActiveCfg = Release|Any CPU
		{6848BDA4-DF0F-4724-9234-CA7D05C92BFB}.Release|ARM.Build.0 = Release|Any CPU
		{6848BDA4-DF0F-4724-9234-CA7D05C92BFB}.Release|x64.ActiveCfg = Release|Any CPU
		{6848BDA4-DF0F-4724-9234-CA7D05C92BFB}.Release|x64.Build.0 = Release|Any CPU
		{6848BDA4-DF0F-4724-9234-CA7D05C92BFB}.Release|x86.ActiveCfg = Release|Any CPU
		{6848BDA4-DF0F-4724-9234-CA7D05C92BFB}.Release|x86.Build.0 = Release|Any CPU
		{75FD6927-C714-4190-9A1E-20FF34903D6C}.Debug|Any CPU.ActiveCfg = Debug|Any CPU
		{75FD6927-C714-4190-9A1E-20FF34903D6C}.Debug|Any CPU.Build.0 = Debug|Any CPU
		{75FD6927-C714-4190-9A1E-20FF34903D6C}.Debug|ARM.ActiveCfg = Debug|Any CPU
		{75FD6927-C714-4190-9A1E-20FF34903D6C}.Debug|x64.ActiveCfg = Debug|Any CPU
		{75FD6927-C714-4190-9A1E-20FF34903D6C}.Debug|x86.ActiveCfg = Debug|Any CPU
		{75FD6927-C714-4190-9A1E-20FF34903D6C}.Release|Any CPU.ActiveCfg = Release|Any CPU
		{75FD6927-C714-4190-9A1E-20FF34903D6C}.Release|Any CPU.Build.0 = Release|Any CPU
		{75FD6927-C714-4190-9A1E-20FF34903D6C}.Release|ARM.ActiveCfg = Release|Any CPU
		{75FD6927-C714-4190-9A1E-20FF34903D6C}.Release|x64.ActiveCfg = Release|Any CPU
		{75FD6927-C714-4190-9A1E-20FF34903D6C}.Release|x86.ActiveCfg = Release|Any CPU
		{DAA29A1B-329D-4995-B146-5F4817F855CD}.Debug|Any CPU.ActiveCfg = Debug|Any CPU
		{DAA29A1B-329D-4995-B146-5F4817F855CD}.Debug|Any CPU.Build.0 = Debug|Any CPU
		{DAA29A1B-329D-4995-B146-5F4817F855CD}.Debug|ARM.ActiveCfg = Debug|Any CPU
		{DAA29A1B-329D-4995-B146-5F4817F855CD}.Debug|ARM.Build.0 = Debug|Any CPU
		{DAA29A1B-329D-4995-B146-5F4817F855CD}.Debug|x64.ActiveCfg = Debug|Any CPU
		{DAA29A1B-329D-4995-B146-5F4817F855CD}.Debug|x64.Build.0 = Debug|Any CPU
		{DAA29A1B-329D-4995-B146-5F4817F855CD}.Debug|x86.ActiveCfg = Debug|Any CPU
		{DAA29A1B-329D-4995-B146-5F4817F855CD}.Debug|x86.Build.0 = Debug|Any CPU
		{DAA29A1B-329D-4995-B146-5F4817F855CD}.Release|Any CPU.ActiveCfg = Release|Any CPU
		{DAA29A1B-329D-4995-B146-5F4817F855CD}.Release|Any CPU.Build.0 = Release|Any CPU
		{DAA29A1B-329D-4995-B146-5F4817F855CD}.Release|ARM.ActiveCfg = Release|Any CPU
		{DAA29A1B-329D-4995-B146-5F4817F855CD}.Release|ARM.Build.0 = Release|Any CPU
		{DAA29A1B-329D-4995-B146-5F4817F855CD}.Release|x64.ActiveCfg = Release|Any CPU
		{DAA29A1B-329D-4995-B146-5F4817F855CD}.Release|x64.Build.0 = Release|Any CPU
		{DAA29A1B-329D-4995-B146-5F4817F855CD}.Release|x86.ActiveCfg = Release|Any CPU
		{DAA29A1B-329D-4995-B146-5F4817F855CD}.Release|x86.Build.0 = Release|Any CPU
		{60A27319-3C41-44ED-B0A4-DDFA71107B8D}.Debug|Any CPU.ActiveCfg = Debug|Any CPU
		{60A27319-3C41-44ED-B0A4-DDFA71107B8D}.Debug|Any CPU.Build.0 = Debug|Any CPU
		{60A27319-3C41-44ED-B0A4-DDFA71107B8D}.Debug|ARM.ActiveCfg = Debug|Any CPU
		{60A27319-3C41-44ED-B0A4-DDFA71107B8D}.Debug|ARM.Build.0 = Debug|Any CPU
		{60A27319-3C41-44ED-B0A4-DDFA71107B8D}.Debug|x64.ActiveCfg = Debug|Any CPU
		{60A27319-3C41-44ED-B0A4-DDFA71107B8D}.Debug|x64.Build.0 = Debug|Any CPU
		{60A27319-3C41-44ED-B0A4-DDFA71107B8D}.Debug|x86.ActiveCfg = Debug|Any CPU
		{60A27319-3C41-44ED-B0A4-DDFA71107B8D}.Debug|x86.Build.0 = Debug|Any CPU
		{60A27319-3C41-44ED-B0A4-DDFA71107B8D}.Release|Any CPU.ActiveCfg = Release|Any CPU
		{60A27319-3C41-44ED-B0A4-DDFA71107B8D}.Release|Any CPU.Build.0 = Release|Any CPU
		{60A27319-3C41-44ED-B0A4-DDFA71107B8D}.Release|ARM.ActiveCfg = Release|Any CPU
		{60A27319-3C41-44ED-B0A4-DDFA71107B8D}.Release|ARM.Build.0 = Release|Any CPU
		{60A27319-3C41-44ED-B0A4-DDFA71107B8D}.Release|x64.ActiveCfg = Release|Any CPU
		{60A27319-3C41-44ED-B0A4-DDFA71107B8D}.Release|x64.Build.0 = Release|Any CPU
		{60A27319-3C41-44ED-B0A4-DDFA71107B8D}.Release|x86.ActiveCfg = Release|Any CPU
		{60A27319-3C41-44ED-B0A4-DDFA71107B8D}.Release|x86.Build.0 = Release|Any CPU
		{EEC493AD-5D1E-43EF-8C88-93F027F946D9}.Debug|Any CPU.ActiveCfg = Debug|Any CPU
		{EEC493AD-5D1E-43EF-8C88-93F027F946D9}.Debug|Any CPU.Build.0 = Debug|Any CPU
		{EEC493AD-5D1E-43EF-8C88-93F027F946D9}.Debug|ARM.ActiveCfg = Debug|Any CPU
		{EEC493AD-5D1E-43EF-8C88-93F027F946D9}.Debug|ARM.Build.0 = Debug|Any CPU
		{EEC493AD-5D1E-43EF-8C88-93F027F946D9}.Debug|x64.ActiveCfg = Debug|Any CPU
		{EEC493AD-5D1E-43EF-8C88-93F027F946D9}.Debug|x64.Build.0 = Debug|Any CPU
		{EEC493AD-5D1E-43EF-8C88-93F027F946D9}.Debug|x86.ActiveCfg = Debug|Any CPU
		{EEC493AD-5D1E-43EF-8C88-93F027F946D9}.Debug|x86.Build.0 = Debug|Any CPU
		{EEC493AD-5D1E-43EF-8C88-93F027F946D9}.Release|Any CPU.ActiveCfg = Release|Any CPU
		{EEC493AD-5D1E-43EF-8C88-93F027F946D9}.Release|Any CPU.Build.0 = Release|Any CPU
		{EEC493AD-5D1E-43EF-8C88-93F027F946D9}.Release|ARM.ActiveCfg = Release|Any CPU
		{EEC493AD-5D1E-43EF-8C88-93F027F946D9}.Release|ARM.Build.0 = Release|Any CPU
		{EEC493AD-5D1E-43EF-8C88-93F027F946D9}.Release|x64.ActiveCfg = Release|Any CPU
		{EEC493AD-5D1E-43EF-8C88-93F027F946D9}.Release|x64.Build.0 = Release|Any CPU
		{EEC493AD-5D1E-43EF-8C88-93F027F946D9}.Release|x86.ActiveCfg = Release|Any CPU
		{EEC493AD-5D1E-43EF-8C88-93F027F946D9}.Release|x86.Build.0 = Release|Any CPU
		{BB4BEB3C-6AA5-4C87-9ACE-9B7C4031B11B}.Debug|Any CPU.ActiveCfg = Debug|Any CPU
		{BB4BEB3C-6AA5-4C87-9ACE-9B7C4031B11B}.Debug|Any CPU.Build.0 = Debug|Any CPU
		{BB4BEB3C-6AA5-4C87-9ACE-9B7C4031B11B}.Debug|ARM.ActiveCfg = Debug|Any CPU
		{BB4BEB3C-6AA5-4C87-9ACE-9B7C4031B11B}.Debug|ARM.Build.0 = Debug|Any CPU
		{BB4BEB3C-6AA5-4C87-9ACE-9B7C4031B11B}.Debug|x64.ActiveCfg = Debug|Any CPU
		{BB4BEB3C-6AA5-4C87-9ACE-9B7C4031B11B}.Debug|x64.Build.0 = Debug|Any CPU
		{BB4BEB3C-6AA5-4C87-9ACE-9B7C4031B11B}.Debug|x86.ActiveCfg = Debug|Any CPU
		{BB4BEB3C-6AA5-4C87-9ACE-9B7C4031B11B}.Debug|x86.Build.0 = Debug|Any CPU
		{BB4BEB3C-6AA5-4C87-9ACE-9B7C4031B11B}.Release|Any CPU.ActiveCfg = Release|Any CPU
		{BB4BEB3C-6AA5-4C87-9ACE-9B7C4031B11B}.Release|Any CPU.Build.0 = Release|Any CPU
		{BB4BEB3C-6AA5-4C87-9ACE-9B7C4031B11B}.Release|ARM.ActiveCfg = Release|Any CPU
		{BB4BEB3C-6AA5-4C87-9ACE-9B7C4031B11B}.Release|ARM.Build.0 = Release|Any CPU
		{BB4BEB3C-6AA5-4C87-9ACE-9B7C4031B11B}.Release|x64.ActiveCfg = Release|Any CPU
		{BB4BEB3C-6AA5-4C87-9ACE-9B7C4031B11B}.Release|x64.Build.0 = Release|Any CPU
		{BB4BEB3C-6AA5-4C87-9ACE-9B7C4031B11B}.Release|x86.ActiveCfg = Release|Any CPU
		{BB4BEB3C-6AA5-4C87-9ACE-9B7C4031B11B}.Release|x86.Build.0 = Release|Any CPU
	EndGlobalSection
	GlobalSection(SolutionProperties) = preSolution
		HideSolutionNode = FALSE
	EndGlobalSection
	GlobalSection(NestedProjects) = preSolution
		{DAA29A1B-329D-4995-B146-5F4817F855CD} = {15FD75C2-AC8E-4B77-BA13-E9D161BCF618}
		{60A27319-3C41-44ED-B0A4-DDFA71107B8D} = {15FD75C2-AC8E-4B77-BA13-E9D161BCF618}
		{EEC493AD-5D1E-43EF-8C88-93F027F946D9} = {15FD75C2-AC8E-4B77-BA13-E9D161BCF618}
		{BB4BEB3C-6AA5-4C87-9ACE-9B7C4031B11B} = {15FD75C2-AC8E-4B77-BA13-E9D161BCF618}
		{75FD6927-C714-4190-9A1E-20FF34903D6C} = {15FD75C2-AC8E-4B77-BA13-E9D161BCF618}
	EndGlobalSection
EndGlobal
